
Microsoft Visual Studio Solution File, Format Version 12.00
# Visual Studio 15
VisualStudioVersion = 15.0.28010.2003
MinimumVisualStudioVersion = 10.0.40219.1
Project("{9A19103F-16F7-4668-BE54-9A1E7A4F7556}") = "ChuanGoing.Base.Interface", "ChuanGoing.Base.Interface\ChuanGoing.Base.Interface.csproj", "{CFB07F8C-142B-4C4E-9BCB-7E594083D3CF}"
EndProject
Project("{9A19103F-16F7-4668-BE54-9A1E7A4F7556}") = "ChuanGoing.SimpleEventBus", "ChuanGoing.SimpleEventBus\ChuanGoing.SimpleEventBus.csproj", "{574B1040-4F39-4A42-99CC-773DBE0BC34A}"
EndProject
Project("{9A19103F-16F7-4668-BE54-9A1E7A4F7556}") = "ChuanGoing.Web.API", "ChuanGoing.Web.API\ChuanGoing.Web.API.csproj", "{DADDC7EE-F050-4B54-A7C1-B0AB14EBF34E}"
EndProject
Project("{9A19103F-16F7-4668-BE54-9A1E7A4F7556}") = "ChuanGoing.Base.Ioc", "ChuanGoing.Base.Ioc\ChuanGoing.Base.Ioc.csproj", "{EB4889CB-16E6-4C92-B57E-FBE52166BD03}"
EndProject
Project("{9A19103F-16F7-4668-BE54-9A1E7A4F7556}") = "ChuanGoing.Storage.Dapper", "ChuanGoing.Storage.Dapper\ChuanGoing.Storage.Dapper.csproj", "{5E2256DE-79D1-4B3C-A5B4-F0AE4FE7A24B}"
EndProject
Project("{9A19103F-16F7-4668-BE54-9A1E7A4F7556}") = "ChuanGoing.Storage.MySql", "ChuanGoing.Storage.MySql\ChuanGoing.Storage.MySql.csproj", "{758E25DA-E4D2-42C7-9147-AA55A22E9F3F}"
EndProject
Project("{FAE04EC0-301F-11D3-BF4B-00C04F79EFBC}") = "ChuanGoing.Base", "ChuanGoing.Base\ChuanGoing.Base.csproj", "{0C4D3470-EBAF-4213-A31D-900F72D2F5B9}"
EndProject
Global
	GlobalSection(SolutionConfigurationPlatforms) = preSolution
		Debug|Any CPU = Debug|Any CPU
		Release|Any CPU = Release|Any CPU
	EndGlobalSection
	GlobalSection(ProjectConfigurationPlatforms) = postSolution
		{CFB07F8C-142B-4C4E-9BCB-7E594083D3CF}.Debug|Any CPU.ActiveCfg = Debug|Any CPU
		{CFB07F8C-142B-4C4E-9BCB-7E594083D3CF}.Debug|Any CPU.Build.0 = Debug|Any CPU
		{CFB07F8C-142B-4C4E-9BCB-7E594083D3CF}.Release|Any CPU.ActiveCfg = Release|Any CPU
		{CFB07F8C-142B-4C4E-9BCB-7E594083D3CF}.Release|Any CPU.Build.0 = Release|Any CPU
		{574B1040-4F39-4A42-99CC-773DBE0BC34A}.Debug|Any CPU.ActiveCfg = Debug|Any CPU
		{574B1040-4F39-4A42-99CC-773DBE0BC34A}.Debug|Any CPU.Build.0 = Debug|Any CPU
		{574B1040-4F39-4A42-99CC-773DBE0BC34A}.Release|Any CPU.ActiveCfg = Release|Any CPU
		{574B1040-4F39-4A42-99CC-773DBE0BC34A}.Release|Any CPU.Build.0 = Release|Any CPU
		{DADDC7EE-F050-4B54-A7C1-B0AB14EBF34E}.Debug|Any CPU.ActiveCfg = Debug|Any CPU
		{DADDC7EE-F050-4B54-A7C1-B0AB14EBF34E}.Debug|Any CPU.Build.0 = Debug|Any CPU
		{DADDC7EE-F050-4B54-A7C1-B0AB14EBF34E}.Release|Any CPU.ActiveCfg = Release|Any CPU
		{DADDC7EE-F050-4B54-A7C1-B0AB14EBF34E}.Release|Any CPU.Build.0 = Release|Any CPU
		{EB4889CB-16E6-4C92-B57E-FBE52166BD03}.Debug|Any CPU.ActiveCfg = Debug|Any CPU
		{EB4889CB-16E6-4C92-B57E-FBE52166BD03}.Debug|Any CPU.Build.0 = Debug|Any CPU
		{EB4889CB-16E6-4C92-B57E-FBE52166BD03}.Release|Any CPU.ActiveCfg = Release|Any CPU
		{EB4889CB-16E6-4C92-B57E-FBE52166BD03}.Release|Any CPU.Build.0 = Release|Any CPU
		{5E2256DE-79D1-4B3C-A5B4-F0AE4FE7A24B}.Debug|Any CPU.ActiveCfg = Debug|Any CPU
		{5E2256DE-79D1-4B3C-A5B4-F0AE4FE7A24B}.Debug|Any CPU.Build.0 = Debug|Any CPU
		{5E2256DE-79D1-4B3C-A5B4-F0AE4FE7A24B}.Release|Any CPU.ActiveCfg = Release|Any CPU
		{5E2256DE-79D1-4B3C-A5B4-F0AE4FE7A24B}.Release|Any CPU.Build.0 = Release|Any CPU
		{758E25DA-E4D2-42C7-9147-AA55A22E9F3F}.Debug|Any CPU.ActiveCfg = Debug|Any CPU
		{758E25DA-E4D2-42C7-9147-AA55A22E9F3F}.Debug|Any CPU.Build.0 = Debug|Any CPU
		{758E25DA-E4D2-42C7-9147-AA55A22E9F3F}.Release|Any CPU.ActiveCfg = Release|Any CPU
		{758E25DA-E4D2-42C7-9147-AA55A22E9F3F}.Release|Any CPU.Build.0 = Release|Any CPU
		{0C4D3470-EBAF-4213-A31D-900F72D2F5B9}.Debug|Any CPU.ActiveCfg = Debug|Any CPU
		{0C4D3470-EBAF-4213-A31D-900F72D2F5B9}.Debug|Any CPU.Build.0 = Debug|Any CPU
		{0C4D3470-EBAF-4213-A31D-900F72D2F5B9}.Release|Any CPU.ActiveCfg = Release|Any CPU
		{0C4D3470-EBAF-4213-A31D-900F72D2F5B9}.Release|Any CPU.Build.0 = Release|Any CPU
	EndGlobalSection
	GlobalSection(SolutionProperties) = preSolution
		HideSolutionNode = FALSE
	EndGlobalSection
	GlobalSection(ExtensibilityGlobals) = postSolution
		SolutionGuid = {88664691-31A7-4D11-98C3-FF42933A3D10}
	EndGlobalSection
EndGlobal
