
Microsoft Visual Studio Solution File, Format Version 12.00
# Visual Studio 15
VisualStudioVersion = 15.0.28010.2003
MinimumVisualStudioVersion = 10.0.40219.1
Project("{9A19103F-16F7-4668-BE54-9A1E7A4F7556}") = "ChuanGoing.Base.Interface", "ChuanGoing.Base.Interface\ChuanGoing.Base.Interface.csproj", "{CFB07F8C-142B-4C4E-9BCB-7E594083D3CF}"
EndProject
Project("{FAE04EC0-301F-11D3-BF4B-00C04F79EFBC}") = "ChuanGoing.SimpleEventBus", "ChuanGoing.SimpleEventBus\ChuanGoing.SimpleEventBus.csproj", "{574B1040-4F39-4A42-99CC-773DBE0BC34A}"
EndProject
Global
	GlobalSection(SolutionConfigurationPlatforms) = preSolution
		Debug|Any CPU = Debug|Any CPU
		Release|Any CPU = Release|Any CPU
	EndGlobalSection
	GlobalSection(ProjectConfigurationPlatforms) = postSolution
		{CFB07F8C-142B-4C4E-9BCB-7E594083D3CF}.Debug|Any CPU.ActiveCfg = Debug|Any CPU
		{CFB07F8C-142B-4C4E-9BCB-7E594083D3CF}.Debug|Any CPU.Build.0 = Debug|Any CPU
		{CFB07F8C-142B-4C4E-9BCB-7E594083D3CF}.Release|Any CPU.ActiveCfg = Release|Any CPU
		{CFB07F8C-142B-4C4E-9BCB-7E594083D3CF}.Release|Any CPU.Build.0 = Release|Any CPU
		{574B1040-4F39-4A42-99CC-773DBE0BC34A}.Debug|Any CPU.ActiveCfg = Debug|Any CPU
		{574B1040-4F39-4A42-99CC-773DBE0BC34A}.Debug|Any CPU.Build.0 = Debug|Any CPU
		{574B1040-4F39-4A42-99CC-773DBE0BC34A}.Release|Any CPU.ActiveCfg = Release|Any CPU
		{574B1040-4F39-4A42-99CC-773DBE0BC34A}.Release|Any CPU.Build.0 = Release|Any CPU
	EndGlobalSection
	GlobalSection(SolutionProperties) = preSolution
		HideSolutionNode = FALSE
	EndGlobalSection
	GlobalSection(ExtensibilityGlobals) = postSolution
		SolutionGuid = {88664691-31A7-4D11-98C3-FF42933A3D10}
	EndGlobalSection
EndGlobal
